
Microsoft Visual Studio Solution File, Format Version 12.00
Project("{FAE04EC0-301F-11D3-BF4B-00C04F79EFBC}") = "MusicLibrary", "MusicLibrary.csproj", "{EF596B2A-5C9F-455A-8061-6BFBE763F9C4}"
EndProject
Global
	GlobalSection(SolutionConfigurationPlatforms) = preSolution
		Debug|Any CPU = Debug|Any CPU
		Release|Any CPU = Release|Any CPU
	EndGlobalSection
	GlobalSection(ProjectConfigurationPlatforms) = postSolution
		{EF596B2A-5C9F-455A-8061-6BFBE763F9C4}.Debug|Any CPU.ActiveCfg = Debug|Any CPU
		{EF596B2A-5C9F-455A-8061-6BFBE763F9C4}.Debug|Any CPU.Build.0 = Debug|Any CPU
		{EF596B2A-5C9F-455A-8061-6BFBE763F9C4}.Release|Any CPU.ActiveCfg = Release|Any CPU
		{EF596B2A-5C9F-455A-8061-6BFBE763F9C4}.Release|Any CPU.Build.0 = Release|Any CPU
	EndGlobalSection
EndGlobal
